
Microsoft Visual Studio Solution File, Format Version 12.00
# Visual Studio Version 16
VisualStudioVersion = 16.0.28803.202
MinimumVisualStudioVersion = 10.0.40219.1
Project("{FAE04EC0-301F-11D3-BF4B-00C04F79EFBC}") = "FaceIdentificationApp", "FinalApp\FaceIdentificationApp.csproj", "{F8D7836E-C3FA-4503-B9C5-7EAAE427F1FD}"
EndProject
Project("{FAE04EC0-301F-11D3-BF4B-00C04F79EFBC}") = "TrainAI", "TrainAI\TrainAI.csproj", "{FB18EE53-A0B5-4037-B018-6E1D30FCED1E}"
EndProject
Global
	GlobalSection(SolutionConfigurationPlatforms) = preSolution
		Debug|Any CPU = Debug|Any CPU
		Release|Any CPU = Release|Any CPU
	EndGlobalSection
	GlobalSection(ProjectConfigurationPlatforms) = postSolution
		{F8D7836E-C3FA-4503-B9C5-7EAAE427F1FD}.Debug|Any CPU.ActiveCfg = Debug|Any CPU
		{F8D7836E-C3FA-4503-B9C5-7EAAE427F1FD}.Debug|Any CPU.Build.0 = Debug|Any CPU
		{F8D7836E-C3FA-4503-B9C5-7EAAE427F1FD}.Debug|Any CPU.Deploy.0 = Debug|Any CPU
		{F8D7836E-C3FA-4503-B9C5-7EAAE427F1FD}.Release|Any CPU.ActiveCfg = Release|Any CPU
		{F8D7836E-C3FA-4503-B9C5-7EAAE427F1FD}.Release|Any CPU.Build.0 = Release|Any CPU
		{F8D7836E-C3FA-4503-B9C5-7EAAE427F1FD}.Release|Any CPU.Deploy.0 = Release|Any CPU
		{FB18EE53-A0B5-4037-B018-6E1D30FCED1E}.Debug|Any CPU.ActiveCfg = Debug|Any CPU
		{FB18EE53-A0B5-4037-B018-6E1D30FCED1E}.Debug|Any CPU.Build.0 = Debug|Any CPU
		{FB18EE53-A0B5-4037-B018-6E1D30FCED1E}.Release|Any CPU.ActiveCfg = Release|Any CPU
		{FB18EE53-A0B5-4037-B018-6E1D30FCED1E}.Release|Any CPU.Build.0 = Release|Any CPU
	EndGlobalSection
	GlobalSection(SolutionProperties) = preSolution
		HideSolutionNode = FALSE
	EndGlobalSection
	GlobalSection(ExtensibilityGlobals) = postSolution
		SolutionGuid = {FF567005-A048-4587-BA35-581A93676AE9}
	EndGlobalSection
EndGlobal
